
Microsoft Visual Studio Solution File, Format Version 12.00
# Visual Studio Version 17
VisualStudioVersion = 17.8.34330.188
MinimumVisualStudioVersion = 10.0.40219.1
Project("{9A19103F-16F7-4668-BE54-9A1E7A4F7556}") = "LeaveManagement.Web", "LeaveManagement.Web\LeaveManagement.Web.csproj", "{53BAE5B3-ED1E-4680-B0D9-86930DA4BA5D}"
EndProject
Project("{FAE04EC0-301F-11D3-BF4B-00C04F79EFBC}") = "LeaveManagement.Data", "LeaveManagement.Data\LeaveManagement.Data.csproj", "{7E5CE5A4-BA70-473E-B289-9431112A8E46}"
EndProject
Project("{FAE04EC0-301F-11D3-BF4B-00C04F79EFBC}") = "LeaveManagement.Common", "LeaveManagement.Common\LeaveManagement.Common.csproj", "{8857500E-D057-4CC3-B264-E5B6BE1C5ED7}"
EndProject
Project("{FAE04EC0-301F-11D3-BF4B-00C04F79EFBC}") = "LeaveManagement.Application", "LeaveManagement.Application\LeaveManagement.Application.csproj", "{B535F636-F2F6-4ABF-A617-538F437081E4}"
EndProject
Global
	GlobalSection(SolutionConfigurationPlatforms) = preSolution
		Debug|Any CPU = Debug|Any CPU
		Release|Any CPU = Release|Any CPU
	EndGlobalSection
	GlobalSection(ProjectConfigurationPlatforms) = postSolution
		{53BAE5B3-ED1E-4680-B0D9-86930DA4BA5D}.Debug|Any CPU.ActiveCfg = Debug|Any CPU
		{53BAE5B3-ED1E-4680-B0D9-86930DA4BA5D}.Debug|Any CPU.Build.0 = Debug|Any CPU
		{53BAE5B3-ED1E-4680-B0D9-86930DA4BA5D}.Release|Any CPU.ActiveCfg = Release|Any CPU
		{53BAE5B3-ED1E-4680-B0D9-86930DA4BA5D}.Release|Any CPU.Build.0 = Release|Any CPU
		{7E5CE5A4-BA70-473E-B289-9431112A8E46}.Debug|Any CPU.ActiveCfg = Debug|Any CPU
		{7E5CE5A4-BA70-473E-B289-9431112A8E46}.Debug|Any CPU.Build.0 = Debug|Any CPU
		{7E5CE5A4-BA70-473E-B289-9431112A8E46}.Release|Any CPU.ActiveCfg = Release|Any CPU
		{7E5CE5A4-BA70-473E-B289-9431112A8E46}.Release|Any CPU.Build.0 = Release|Any CPU
		{8857500E-D057-4CC3-B264-E5B6BE1C5ED7}.Debug|Any CPU.ActiveCfg = Debug|Any CPU
		{8857500E-D057-4CC3-B264-E5B6BE1C5ED7}.Debug|Any CPU.Build.0 = Debug|Any CPU
		{8857500E-D057-4CC3-B264-E5B6BE1C5ED7}.Release|Any CPU.ActiveCfg = Release|Any CPU
		{8857500E-D057-4CC3-B264-E5B6BE1C5ED7}.Release|Any CPU.Build.0 = Release|Any CPU
		{B535F636-F2F6-4ABF-A617-538F437081E4}.Debug|Any CPU.ActiveCfg = Debug|Any CPU
		{B535F636-F2F6-4ABF-A617-538F437081E4}.Debug|Any CPU.Build.0 = Debug|Any CPU
		{B535F636-F2F6-4ABF-A617-538F437081E4}.Release|Any CPU.ActiveCfg = Release|Any CPU
		{B535F636-F2F6-4ABF-A617-538F437081E4}.Release|Any CPU.Build.0 = Release|Any CPU
	EndGlobalSection
	GlobalSection(SolutionProperties) = preSolution
		HideSolutionNode = FALSE
	EndGlobalSection
	GlobalSection(ExtensibilityGlobals) = postSolution
		SolutionGuid = {596E9CDE-CAA8-4D07-BB9B-44CB65AC4343}
	EndGlobalSection
EndGlobal
