
Microsoft Visual Studio Solution File, Format Version 12.00
# Visual Studio Version 17
VisualStudioVersion = 17.8.34330.188
MinimumVisualStudioVersion = 10.0.40219.1
Project("{FAE04EC0-301F-11D3-BF4B-00C04F79EFBC}") = "LeaveManagement.Web", "LeaveManagement.Web\LeaveManagement.Web.csproj", "{53BAE5B3-ED1E-4680-B0D9-86930DA4BA5D}"
EndProject
Global
	GlobalSection(SolutionConfigurationPlatforms) = preSolution
		Debug|Any CPU = Debug|Any CPU
		Release|Any CPU = Release|Any CPU
	EndGlobalSection
	GlobalSection(ProjectConfigurationPlatforms) = postSolution
		{53BAE5B3-ED1E-4680-B0D9-86930DA4BA5D}.Debug|Any CPU.ActiveCfg = Debug|Any CPU
		{53BAE5B3-ED1E-4680-B0D9-86930DA4BA5D}.Debug|Any CPU.Build.0 = Debug|Any CPU
		{53BAE5B3-ED1E-4680-B0D9-86930DA4BA5D}.Release|Any CPU.ActiveCfg = Release|Any CPU
		{53BAE5B3-ED1E-4680-B0D9-86930DA4BA5D}.Release|Any CPU.Build.0 = Release|Any CPU
	EndGlobalSection
	GlobalSection(SolutionProperties) = preSolution
		HideSolutionNode = FALSE
	EndGlobalSection
	GlobalSection(ExtensibilityGlobals) = postSolution
		SolutionGuid = {596E9CDE-CAA8-4D07-BB9B-44CB65AC4343}
	EndGlobalSection
EndGlobal
